// !$*UTF8*$!
{
	archiveVersion = 1;
	classes = {
	};
	objectVersion = 46;
	objects = {

/* Begin PBXBuildFile section */
		BA3FE3B41C0EE02B00C62C0F /* main.m in Sources */ = {isa = PBXBuildFile; fileRef = BA3FE3B31C0EE02B00C62C0F /* main.m */; };
		BA3FE3B71C0EE02B00C62C0F /* AppDelegate.m in Sources */ = {isa = PBXBuildFile; fileRef = BA3FE3B61C0EE02B00C62C0F /* AppDelegate.m */; };
		BA3FE3BA1C0EE02B00C62C0F /* ViewController.m in Sources */ = {isa = PBXBuildFile; fileRef = BA3FE3B91C0EE02B00C62C0F /* ViewController.m */; };
		BA3FE3BF1C0EE02B00C62C0F /* Assets.xcassets in Resources */ = {isa = PBXBuildFile; fileRef = BA3FE3BE1C0EE02B00C62C0F /* Assets.xcassets */; };
		BA3FE3C21C0EE02B00C62C0F /* LaunchScreen.storyboard in Resources */ = {isa = PBXBuildFile; fileRef = BA3FE3C01C0EE02B00C62C0F /* LaunchScreen.storyboard */; };
		BA3FE3CD1C0EE02B00C62C0F /* GuillotineMenuSampleTests.m in Sources */ = {isa = PBXBuildFile; fileRef = BA3FE3CC1C0EE02B00C62C0F /* GuillotineMenuSampleTests.m */; };
		BA3FE3D81C0EE02B00C62C0F /* GuillotineMenuSampleUITests.m in Sources */ = {isa = PBXBuildFile; fileRef = BA3FE3D71C0EE02B00C62C0F /* GuillotineMenuSampleUITests.m */; };
/* End PBXBuildFile section */

/* Begin PBXContainerItemProxy section */
		BA3FE3C91C0EE02B00C62C0F /* PBXContainerItemProxy */ = {
			isa = PBXContainerItemProxy;
			containerPortal = BA3FE3A71C0EE02B00C62C0F /* Project object */;
			proxyType = 1;
			remoteGlobalIDString = BA3FE3AE1C0EE02B00C62C0F;
			remoteInfo = GuillotineMenuSample;
		};
		BA3FE3D41C0EE02B00C62C0F /* PBXContainerItemProxy */ = {
			isa = PBXContainerItemProxy;
			containerPortal = BA3FE3A71C0EE02B00C62C0F /* Project object */;
			proxyType = 1;
			remoteGlobalIDString = BA3FE3AE1C0EE02B00C62C0F;
			remoteInfo = GuillotineMenuSample;
		};
/* End PBXContainerItemProxy section */

/* Begin PBXFileReference section */
		BA3FE3AF1C0EE02B00C62C0F /* GuillotineMenuSample.app */ = {isa = PBXFileReference; explicitFileType = wrapper.application; includeInIndex = 0; path = GuillotineMenuSample.app; sourceTree = BUILT_PRODUCTS_DIR; };
		BA3FE3B31C0EE02B00C62C0F /* main.m */ = {isa = PBXFileReference; lastKnownFileType = sourcecode.c.objc; path = main.m; sourceTree = "<group>"; };
		BA3FE3B51C0EE02B00C62C0F /* AppDelegate.h */ = {isa = PBXFileReference; lastKnownFileType = sourcecode.c.h; path = AppDelegate.h; sourceTree = "<group>"; };
		BA3FE3B61C0EE02B00C62C0F /* AppDelegate.m */ = {isa = PBXFileReference; lastKnownFileType = sourcecode.c.objc; path = AppDelegate.m; sourceTree = "<group>"; };
		BA3FE3B81C0EE02B00C62C0F /* ViewController.h */ = {isa = PBXFileReference; lastKnownFileType = sourcecode.c.h; path = ViewController.h; sourceTree = "<group>"; };
		BA3FE3B91C0EE02B00C62C0F /* ViewController.m */ = {isa = PBXFileReference; lastKnownFileType = sourcecode.c.objc; path = ViewController.m; sourceTree = "<group>"; };
		BA3FE3BE1C0EE02B00C62C0F /* Assets.xcassets */ = {isa = PBXFileReference; lastKnownFileType = folder.assetcatalog; path = Assets.xcassets; sourceTree = "<group>"; };
		BA3FE3C11C0EE02B00C62C0F /* Base */ = {isa = PBXFileReference; lastKnownFileType = file.storyboard; name = Base; path = Base.lproj/LaunchScreen.storyboard; sourceTree = "<group>"; };
		BA3FE3C31C0EE02B00C62C0F /* Info.plist */ = {isa = PBXFileReference; lastKnownFileType = text.plist.xml; path = Info.plist; sourceTree = "<group>"; };
		BA3FE3C81C0EE02B00C62C0F /* GuillotineMenuSampleTests.xctest */ = {isa = PBXFileReference; explicitFileType = wrapper.cfbundle; includeInIndex = 0; path = GuillotineMenuSampleTests.xctest; sourceTree = BUILT_PRODUCTS_DIR; };
		BA3FE3CC1C0EE02B00C62C0F /* GuillotineMenuSampleTests.m */ = {isa = PBXFileReference; lastKnownFileType = sourcecode.c.objc; path = GuillotineMenuSampleTests.m; sourceTree = "<group>"; };
		BA3FE3CE1C0EE02B00C62C0F /* Info.plist */ = {isa = PBXFileReference; lastKnownFileType = text.plist.xml; path = Info.plist; sourceTree = "<group>"; };
		BA3FE3D31C0EE02B00C62C0F /* GuillotineMenuSampleUITests.xctest */ = {isa = PBXFileReference; explicitFileType = wrapper.cfbundle; includeInIndex = 0; path = GuillotineMenuSampleUITests.xctest; sourceTree = BUILT_PRODUCTS_DIR; };
		BA3FE3D71C0EE02B00C62C0F /* GuillotineMenuSampleUITests.m */ = {isa = PBXFileReference; lastKnownFileType = sourcecode.c.objc; path = GuillotineMenuSampleUITests.m; sourceTree = "<group>"; };
		BA3FE3D91C0EE02B00C62C0F /* Info.plist */ = {isa = PBXFileReference; lastKnownFileType = text.plist.xml; path = Info.plist; sourceTree = "<group>"; };
/* End PBXFileReference section */

/* Begin PBXFrameworksBuildPhase section */
		BA3FE3AC1C0EE02B00C62C0F /* Frameworks */ = {
			isa = PBXFrameworksBuildPhase;
			buildActionMask = 2147483647;
			files = (
			);
			runOnlyForDeploymentPostprocessing = 0;
		};
		BA3FE3C51C0EE02B00C62C0F /* Frameworks */ = {
			isa = PBXFrameworksBuildPhase;
			buildActionMask = 2147483647;
			files = (
			);
			runOnlyForDeploymentPostprocessing = 0;
		};
		BA3FE3D01C0EE02B00C62C0F /* Frameworks */ = {
			isa = PBXFrameworksBuildPhase;
			buildActionMask = 2147483647;
			files = (
			);
			runOnlyForDeploymentPostprocessing = 0;
		};
/* End PBXFrameworksBuildPhase section */

/* Begin PBXGroup section */
		BA3FE3A61C0EE02B00C62C0F = {
			isa = PBXGroup;
			children = (
				BA3FE3E51C0EE16C00C62C0F /* GuillotineMenu */,
				BA3FE3B11C0EE02B00C62C0F /* GuillotineMenuSample */,
				BA3FE3CB1C0EE02B00C62C0F /* GuillotineMenuSampleTests */,
				BA3FE3D61C0EE02B00C62C0F /* GuillotineMenuSampleUITests */,
				BA3FE3B01C0EE02B00C62C0F /* Products */,
			);
			sourceTree = "<group>";
		};
		BA3FE3B01C0EE02B00C62C0F /* Products */ = {
			isa = PBXGroup;
			children = (
				BA3FE3AF1C0EE02B00C62C0F /* GuillotineMenuSample.app */,
				BA3FE3C81C0EE02B00C62C0F /* GuillotineMenuSampleTests.xctest */,
				BA3FE3D31C0EE02B00C62C0F /* GuillotineMenuSampleUITests.xctest */,
			);
			name = Products;
			sourceTree = "<group>";
		};
		BA3FE3B11C0EE02B00C62C0F /* GuillotineMenuSample */ = {
			isa = PBXGroup;
			children = (
				BA3FE3B51C0EE02B00C62C0F /* AppDelegate.h */,
				BA3FE3B61C0EE02B00C62C0F /* AppDelegate.m */,
				BA3FE3B81C0EE02B00C62C0F /* ViewController.h */,
				BA3FE3B91C0EE02B00C62C0F /* ViewController.m */,
				BA3FE3BE1C0EE02B00C62C0F /* Assets.xcassets */,
				BA3FE3C01C0EE02B00C62C0F /* LaunchScreen.storyboard */,
				BA3FE3C31C0EE02B00C62C0F /* Info.plist */,
				BA3FE3B21C0EE02B00C62C0F /* Supporting Files */,
			);
			path = GuillotineMenuSample;
			sourceTree = "<group>";
		};
		BA3FE3B21C0EE02B00C62C0F /* Supporting Files */ = {
			isa = PBXGroup;
			children = (
				BA3FE3B31C0EE02B00C62C0F /* main.m */,
			);
			name = "Supporting Files";
			sourceTree = "<group>";
		};
		BA3FE3CB1C0EE02B00C62C0F /* GuillotineMenuSampleTests */ = {
			isa = PBXGroup;
			children = (
				BA3FE3CC1C0EE02B00C62C0F /* GuillotineMenuSampleTests.m */,
				BA3FE3CE1C0EE02B00C62C0F /* Info.plist */,
			);
			path = GuillotineMenuSampleTests;
			sourceTree = "<group>";
		};
		BA3FE3D61C0EE02B00C62C0F /* GuillotineMenuSampleUITests */ = {
			isa = PBXGroup;
			children = (
				BA3FE3D71C0EE02B00C62C0F /* GuillotineMenuSampleUITests.m */,
				BA3FE3D91C0EE02B00C62C0F /* Info.plist */,
			);
			path = GuillotineMenuSampleUITests;
			sourceTree = "<group>";
		};
		BA3FE3E51C0EE16C00C62C0F /* GuillotineMenu */ = {
			isa = PBXGroup;
			children = (
			);
			name = GuillotineMenu;
			sourceTree = "<group>";
		};
/* End PBXGroup section */

/* Begin PBXNativeTarget section */
		BA3FE3AE1C0EE02B00C62C0F /* GuillotineMenuSample */ = {
			isa = PBXNativeTarget;
			buildConfigurationList = BA3FE3DC1C0EE02B00C62C0F /* Build configuration list for PBXNativeTarget "GuillotineMenuSample" */;
			buildPhases = (
				BA3FE3AB1C0EE02B00C62C0F /* Sources */,
				BA3FE3AC1C0EE02B00C62C0F /* Frameworks */,
				BA3FE3AD1C0EE02B00C62C0F /* Resources */,
			);
			buildRules = (
			);
			dependencies = (
			);
			name = GuillotineMenuSample;
			productName = GuillotineMenuSample;
			productReference = BA3FE3AF1C0EE02B00C62C0F /* GuillotineMenuSample.app */;
			productType = "com.apple.product-type.application";
		};
		BA3FE3C71C0EE02B00C62C0F /* GuillotineMenuSampleTests */ = {
			isa = PBXNativeTarget;
			buildConfigurationList = BA3FE3DF1C0EE02B00C62C0F /* Build configuration list for PBXNativeTarget "GuillotineMenuSampleTests" */;
			buildPhases = (
				BA3FE3C41C0EE02B00C62C0F /* Sources */,
				BA3FE3C51C0EE02B00C62C0F /* Frameworks */,
				BA3FE3C61C0EE02B00C62C0F /* Resources */,
			);
			buildRules = (
			);
			dependencies = (
				BA3FE3CA1C0EE02B00C62C0F /* PBXTargetDependency */,
			);
			name = GuillotineMenuSampleTests;
			productName = GuillotineMenuSampleTests;
			productReference = BA3FE3C81C0EE02B00C62C0F /* GuillotineMenuSampleTests.xctest */;
			productType = "com.apple.product-type.bundle.unit-test";
		};
		BA3FE3D21C0EE02B00C62C0F /* GuillotineMenuSampleUITests */ = {
			isa = PBXNativeTarget;
			buildConfigurationList = BA3FE3E21C0EE02B00C62C0F /* Build configuration list for PBXNativeTarget "GuillotineMenuSampleUITests" */;
			buildPhases = (
				BA3FE3CF1C0EE02B00C62C0F /* Sources */,
				BA3FE3D01C0EE02B00C62C0F /* Frameworks */,
				BA3FE3D11C0EE02B00C62C0F /* Resources */,
			);
			buildRules = (
			);
			dependencies = (
				BA3FE3D51C0EE02B00C62C0F /* PBXTargetDependency */,
			);
			name = GuillotineMenuSampleUITests;
			productName = GuillotineMenuSampleUITests;
			productReference = BA3FE3D31C0EE02B00C62C0F /* GuillotineMenuSampleUITests.xctest */;
			productType = "com.apple.product-type.bundle.ui-testing";
		};
/* End PBXNativeTarget section */

/* Begin PBXProject section */
		BA3FE3A71C0EE02B00C62C0F /* Project object */ = {
			isa = PBXProject;
			attributes = {
				LastUpgradeCheck = 0710;
				ORGANIZATIONNAME = "Matteo Tagliafico";
				TargetAttributes = {
					BA3FE3AE1C0EE02B00C62C0F = {
						CreatedOnToolsVersion = 7.1.1;
					};
					BA3FE3C71C0EE02B00C62C0F = {
						CreatedOnToolsVersion = 7.1.1;
						TestTargetID = BA3FE3AE1C0EE02B00C62C0F;
					};
					BA3FE3D21C0EE02B00C62C0F = {
						CreatedOnToolsVersion = 7.1.1;
						TestTargetID = BA3FE3AE1C0EE02B00C62C0F;
					};
				};
			};
			buildConfigurationList = BA3FE3AA1C0EE02B00C62C0F /* Build configuration list for PBXProject "GuillotineMenuSample" */;
			compatibilityVersion = "Xcode 3.2";
			developmentRegion = English;
			hasScannedForEncodings = 0;
			knownRegions = (
				en,
				Base,
			);
			mainGroup = BA3FE3A61C0EE02B00C62C0F;
			productRefGroup = BA3FE3B01C0EE02B00C62C0F /* Products */;
			projectDirPath = "";
			projectRoot = "";
			targets = (
				BA3FE3AE1C0EE02B00C62C0F /* GuillotineMenuSample */,
				BA3FE3C71C0EE02B00C62C0F /* GuillotineMenuSampleTests */,
				BA3FE3D21C0EE02B00C62C0F /* GuillotineMenuSampleUITests */,
			);
		};
/* End PBXProject section */

/* Begin PBXResourcesBuildPhase section */
		BA3FE3AD1C0EE02B00C62C0F /* Resources */ = {
			isa = PBXResourcesBuildPhase;
			buildActionMask = 2147483647;
			files = (
				BA3FE3C21C0EE02B00C62C0F /* LaunchScreen.storyboard in Resources */,
				BA3FE3BF1C0EE02B00C62C0F /* Assets.xcassets in Resources */,
			);
			runOnlyForDeploymentPostprocessing = 0;
		};
		BA3FE3C61C0EE02B00C62C0F /* Resources */ = {
			isa = PBXResourcesBuildPhase;
			buildActionMask = 2147483647;
			files = (
			);
			runOnlyForDeploymentPostprocessing = 0;
		};
		BA3FE3D11C0EE02B00C62C0F /* Resources */ = {
			isa = PBXResourcesBuildPhase;
			buildActionMask = 2147483647;
			files = (
			);
			runOnlyForDeploymentPostprocessing = 0;
		};
/* End PBXResourcesBuildPhase section */

/* Begin PBXSourcesBuildPhase section */
		BA3FE3AB1C0EE02B00C62C0F /* Sources */ = {
			isa = PBXSourcesBuildPhase;
			buildActionMask = 2147483647;
			files = (
				BA3FE3BA1C0EE02B00C62C0F /* ViewController.m in Sources */,
				BA3FE3B71C0EE02B00C62C0F /* AppDelegate.m in Sources */,
				BA3FE3B41C0EE02B00C62C0F /* main.m in Sources */,
			);
			runOnlyForDeploymentPostprocessing = 0;
		};
		BA3FE3C41C0EE02B00C62C0F /* Sources */ = {
			isa = PBXSourcesBuildPhase;
			buildActionMask = 2147483647;
			files = (
				BA3FE3CD1C0EE02B00C62C0F /* GuillotineMenuSampleTests.m in Sources */,
			);
			runOnlyForDeploymentPostprocessing = 0;
		};
		BA3FE3CF1C0EE02B00C62C0F /* Sources */ = {
			isa = PBXSourcesBuildPhase;
			buildActionMask = 2147483647;
			files = (
				BA3FE3D81C0EE02B00C62C0F /* GuillotineMenuSampleUITests.m in Sources */,
			);
			runOnlyForDeploymentPostprocessing = 0;
		};
/* End PBXSourcesBuildPhase section */

/* Begin PBXTargetDependency section */
		BA3FE3CA1C0EE02B00C62C0F /* PBXTargetDependency */ = {
			isa = PBXTargetDependency;
			target = BA3FE3AE1C0EE02B00C62C0F /* GuillotineMenuSample */;
			targetProxy = BA3FE3C91C0EE02B00C62C0F /* PBXContainerItemProxy */;
		};
		BA3FE3D51C0EE02B00C62C0F /* PBXTargetDependency */ = {
			isa = PBXTargetDependency;
			target = BA3FE3AE1C0EE02B00C62C0F /* GuillotineMenuSample */;
			targetProxy = BA3FE3D41C0EE02B00C62C0F /* PBXContainerItemProxy */;
		};
/* End PBXTargetDependency section */

/* Begin PBXVariantGroup section */
		BA3FE3C01C0EE02B00C62C0F /* LaunchScreen.storyboard */ = {
			isa = PBXVariantGroup;
			children = (
				BA3FE3C11C0EE02B00C62C0F /* Base */,
			);
			name = LaunchScreen.storyboard;
			sourceTree = "<group>";
		};
/* End PBXVariantGroup section */

/* Begin XCBuildConfiguration section */
		BA3FE3DA1C0EE02B00C62C0F /* Debug */ = {
			isa = XCBuildConfiguration;
			buildSettings = {
				ALWAYS_SEARCH_USER_PATHS = NO;
				CLANG_CXX_LANGUAGE_STANDARD = "gnu++0x";
				CLANG_CXX_LIBRARY = "libc++";
				CLANG_ENABLE_MODULES = YES;
				CLANG_ENABLE_OBJC_ARC = YES;
				CLANG_WARN_BOOL_CONVERSION = YES;
				CLANG_WARN_CONSTANT_CONVERSION = YES;
				CLANG_WARN_DIRECT_OBJC_ISA_USAGE = YES_ERROR;
				CLANG_WARN_EMPTY_BODY = YES;
				CLANG_WARN_ENUM_CONVERSION = YES;
				CLANG_WARN_INT_CONVERSION = YES;
				CLANG_WARN_OBJC_ROOT_CLASS = YES_ERROR;
				CLANG_WARN_UNREACHABLE_CODE = YES;
				CLANG_WARN__DUPLICATE_METHOD_MATCH = YES;
				"CODE_SIGN_IDENTITY[sdk=iphoneos*]" = "iPhone Developer";
				COPY_PHASE_STRIP = NO;
				DEBUG_INFORMATION_FORMAT = dwarf;
				ENABLE_STRICT_OBJC_MSGSEND = YES;
				ENABLE_TESTABILITY = YES;
				GCC_C_LANGUAGE_STANDARD = gnu99;
				GCC_DYNAMIC_NO_PIC = NO;
				GCC_NO_COMMON_BLOCKS = YES;
				GCC_OPTIMIZATION_LEVEL = 0;
				GCC_PREPROCESSOR_DEFINITIONS = (
					"DEBUG=1",
					"$(inherited)",
				);
				GCC_WARN_64_TO_32_BIT_CONVERSION = YES;
				GCC_WARN_ABOUT_RETURN_TYPE = YES_ERROR;
				GCC_WARN_UNDECLARED_SELECTOR = YES;
				GCC_WARN_UNINITIALIZED_AUTOS = YES_AGGRESSIVE;
				GCC_WARN_UNUSED_FUNCTION = YES;
				GCC_WARN_UNUSED_VARIABLE = YES;
				IPHONEOS_DEPLOYMENT_TARGET = 9.1;
				MTL_ENABLE_DEBUG_INFO = YES;
				ONLY_ACTIVE_ARCH = YES;
				SDKROOT = iphoneos;
			};
			name = Debug;
		};
		BA3FE3DB1C0EE02B00C62C0F /* Release */ = {
			isa = XCBuildConfiguration;
			buildSettings = {
				ALWAYS_SEARCH_USER_PATHS = NO;
				CLANG_CXX_LANGUAGE_STANDARD = "gnu++0x";
				CLANG_CXX_LIBRARY = "libc++";
				CLANG_ENABLE_MODULES = YES;
				CLANG_ENABLE_OBJC_ARC = YES;
				CLANG_WARN_BOOL_CONVERSION = YES;
				CLANG_WARN_CONSTANT_CONVERSION = YES;
				CLANG_WARN_DIRECT_OBJC_ISA_USAGE = YES_ERROR;
				CLANG_WARN_EMPTY_BODY = YES;
				CLANG_WARN_ENUM_CONVERSION = YES;
				CLANG_WARN_INT_CONVERSION = YES;
				CLANG_WARN_OBJC_ROOT_CLASS = YES_ERROR;
				CLANG_WARN_UNREACHABLE_CODE = YES;
				CLANG_WARN__DUPLICATE_METHOD_MATCH = YES;
				"CODE_SIGN_IDENTITY[sdk=iphoneos*]" = "iPhone Developer";
				COPY_PHASE_STRIP = NO;
				DEBUG_INFORMATION_FORMAT = "dwarf-with-dsym";
				ENABLE_NS_ASSERTIONS = NO;
				ENABLE_STRICT_OBJC_MSGSEND = YES;
				GCC_C_LANGUAGE_STANDARD = gnu99;
				GCC_NO_COMMON_BLOCKS = YES;
				GCC_WARN_64_TO_32_BIT_CONVERSION = YES;
				GCC_WARN_ABOUT_RETURN_TYPE = YES_ERROR;
				GCC_WARN_UNDECLARED_SELECTOR = YES;
				GCC_WARN_UNINITIALIZED_AUTOS = YES_AGGRESSIVE;
				GCC_WARN_UNUSED_FUNCTION = YES;
				GCC_WARN_UNUSED_VARIABLE = YES;
				IPHONEOS_DEPLOYMENT_TARGET = 9.1;
				MTL_ENABLE_DEBUG_INFO = NO;
				SDKROOT = iphoneos;
				VALIDATE_PRODUCT = YES;
			};
			name = Release;
		};
		BA3FE3DD1C0EE02B00C62C0F /* Debug */ = {
			isa = XCBuildConfiguration;
			buildSettings = {
				ASSETCATALOG_COMPILER_APPICON_NAME = AppIcon;
				INFOPLIST_FILE = GuillotineMenuSample/Info.plist;
				IPHONEOS_DEPLOYMENT_TARGET = 7.0;
				LD_RUNPATH_SEARCH_PATHS = "$(inherited) @executable_path/Frameworks";
				PRODUCT_BUNDLE_IDENTIFIER = tigielle.GuillotineMenuSample;
				PRODUCT_NAME = "$(TARGET_NAME)";
			};
			name = Debug;
		};
		BA3FE3DE1C0EE02B00C62C0F /* Release */ = {
			isa = XCBuildConfiguration;
			buildSettings = {
				ASSETCATALOG_COMPILER_APPICON_NAME = AppIcon;
				INFOPLIST_FILE = GuillotineMenuSample/Info.plist;
				IPHONEOS_DEPLOYMENT_TARGET = 7.0;
				LD_RUNPATH_SEARCH_PATHS = "$(inherited) @executable_path/Frameworks";
				PRODUCT_BUNDLE_IDENTIFIER = tigielle.GuillotineMenuSample;
				PRODUCT_NAME = "$(TARGET_NAME)";
			};
			name = Release;
		};
		BA3FE3E01C0EE02B00C62C0F /* Debug */ = {
			isa = XCBuildConfiguration;
			buildSettings = {
				BUNDLE_LOADER = "$(TEST_HOST)";
				INFOPLIST_FILE = GuillotineMenuSampleTests/Info.plist;
				LD_RUNPATH_SEARCH_PATHS = "$(inherited) @executable_path/Frameworks @loader_path/Frameworks";
				PRODUCT_BUNDLE_IDENTIFIER = tigielle.GuillotineMenuSampleTests;
				PRODUCT_NAME = "$(TARGET_NAME)";
				TEST_HOST = "$(BUILT_PRODUCTS_DIR)/GuillotineMenuSample.app/GuillotineMenuSample";
			};
			name = Debug;
		};
		BA3FE3E11C0EE02B00C62C0F /* Release */ = {
			isa = XCBuildConfiguration;
			buildSettings = {
				BUNDLE_LOADER = "$(TEST_HOST)";
				INFOPLIST_FILE = GuillotineMenuSampleTests/Info.plist;
				LD_RUNPATH_SEARCH_PATHS = "$(inherited) @executable_path/Frameworks @loader_path/Frameworks";
				PRODUCT_BUNDLE_IDENTIFIER = tigielle.GuillotineMenuSampleTests;
				PRODUCT_NAME = "$(TARGET_NAME)";
				TEST_HOST = "$(BUILT_PRODUCTS_DIR)/GuillotineMenuSample.app/GuillotineMenuSample";
			};
			name = Release;
		};
		BA3FE3E31C0EE02B00C62C0F /* Debug */ = {
			isa = XCBuildConfiguration;
			buildSettings = {
				INFOPLIST_FILE = GuillotineMenuSampleUITests/Info.plist;
				LD_RUNPATH_SEARCH_PATHS = "$(inherited) @executable_path/Frameworks @loader_path/Frameworks";
				PRODUCT_BUNDLE_IDENTIFIER = tigielle.GuillotineMenuSampleUITests;
				PRODUCT_NAME = "$(TARGET_NAME)";
				TEST_TARGET_NAME = GuillotineMenuSample;
				USES_XCTRUNNER = YES;
			};
			name = Debug;
		};
		BA3FE3E41C0EE02B00C62C0F /* Release */ = {
			isa = XCBuildConfiguration;
			buildSettings = {
				INFOPLIST_FILE = GuillotineMenuSampleUITests/Info.plist;
				LD_RUNPATH_SEARCH_PATHS = "$(inherited) @executable_path/Frameworks @loader_path/Frameworks";
				PRODUCT_BUNDLE_IDENTIFIER = tigielle.GuillotineMenuSampleUITests;
				PRODUCT_NAME = "$(TARGET_NAME)";
				TEST_TARGET_NAME = GuillotineMenuSample;
				USES_XCTRUNNER = YES;
			};
			name = Release;
		};
/* End XCBuildConfiguration section */

/* Begin XCConfigurationList section */
		BA3FE3AA1C0EE02B00C62C0F /* Build configuration list for PBXProject "GuillotineMenuSample" */ = {
			isa = XCConfigurationList;
			buildConfigurations = (
				BA3FE3DA1C0EE02B00C62C0F /* Debug */,
				BA3FE3DB1C0EE02B00C62C0F /* Release */,
			);
			defaultConfigurationIsVisible = 0;
			defaultConfigurationName = Release;
		};
		BA3FE3DC1C0EE02B00C62C0F /* Build configuration list for PBXNativeTarget "GuillotineMenuSample" */ = {
			isa = XCConfigurationList;
			buildConfigurations = (
				BA3FE3DD1C0EE02B00C62C0F /* Debug */,
				BA3FE3DE1C0EE02B00C62C0F /* Release */,
			);
			defaultConfigurationIsVisible = 0;
		};
		BA3FE3DF1C0EE02B00C62C0F /* Build configuration list for PBXNativeTarget "GuillotineMenuSampleTests" */ = {
			isa = XCConfigurationList;
			buildConfigurations = (
				BA3FE3E01C0EE02B00C62C0F /* Debug */,
				BA3FE3E11C0EE02B00C62C0F /* Release */,
			);
			defaultConfigurationIsVisible = 0;
		};
		BA3FE3E21C0EE02B00C62C0F /* Build configuration list for PBXNativeTarget "GuillotineMenuSampleUITests" */ = {
			isa = XCConfigurationList;
			buildConfigurations = (
				BA3FE3E31C0EE02B00C62C0F /* Debug */,
				BA3FE3E41C0EE02B00C62C0F /* Release */,
			);
			defaultConfigurationIsVisible = 0;
		};
/* End XCConfigurationList section */
	};
	rootObject = BA3FE3A71C0EE02B00C62C0F /* Project object */;
}
